
Microsoft Visual Studio Solution File, Format Version 12.00
# Visual Studio Version 16
VisualStudioVersion = 16.0.31424.327
MinimumVisualStudioVersion = 10.0.40219.1
Project("{9A19103F-16F7-4668-BE54-9A1E7A4F7556}") = "ThirdTimesTheCharm", "ThirdTimesTheCharm\ThirdTimesTheCharm.csproj", "{4A138928-E47F-4BBF-AE3A-7E9BB5452D40}"
EndProject
Global
	GlobalSection(SolutionConfigurationPlatforms) = preSolution
		Debug|Any CPU = Debug|Any CPU
		Release|Any CPU = Release|Any CPU
	EndGlobalSection
	GlobalSection(ProjectConfigurationPlatforms) = postSolution
		{4A138928-E47F-4BBF-AE3A-7E9BB5452D40}.Debug|Any CPU.ActiveCfg = Debug|Any CPU
		{4A138928-E47F-4BBF-AE3A-7E9BB5452D40}.Debug|Any CPU.Build.0 = Debug|Any CPU
		{4A138928-E47F-4BBF-AE3A-7E9BB5452D40}.Release|Any CPU.ActiveCfg = Release|Any CPU
		{4A138928-E47F-4BBF-AE3A-7E9BB5452D40}.Release|Any CPU.Build.0 = Release|Any CPU
	EndGlobalSection
	GlobalSection(SolutionProperties) = preSolution
		HideSolutionNode = FALSE
	EndGlobalSection
	GlobalSection(ExtensibilityGlobals) = postSolution
		SolutionGuid = {88685A3B-1130-4245-8D79-1E2B0FF56560}
	EndGlobalSection
EndGlobal
